// !$*UTF8*$!
{
	archiveVersion = 1;
	classes = {
	};
	objectVersion = 50;
	objects = {

/* Begin PBXBuildFile section */
		176A106DACFD9A0F71F12BAA /* Pods_DnDTests.framework in Frameworks */ = {isa = PBXBuildFile; fileRef = 0913BF860D6991B4A7F40A62 /* Pods_DnDTests.framework */; };
		4E005BB4238452C4001BB183 /* ClassDnD.storyboard in Resources */ = {isa = PBXBuildFile; fileRef = 4E005BB3238452C4001BB183 /* ClassDnD.storyboard */; };
		4E005BB72384533A001BB183 /* ClassDnDViewController.swift in Sources */ = {isa = PBXBuildFile; fileRef = 4E005BB62384533A001BB183 /* ClassDnDViewController.swift */; };
		4E005BB923845372001BB183 /* ClassDnDViewModel.swift in Sources */ = {isa = PBXBuildFile; fileRef = 4E005BB823845372001BB183 /* ClassDnDViewModel.swift */; };
		4E005BBE23845902001BB183 /* ClassDnDManager.swift in Sources */ = {isa = PBXBuildFile; fileRef = 4E005BBD23845902001BB183 /* ClassDnDManager.swift */; };
		4E005BC023845928001BB183 /* ClassDnDAPI.swift in Sources */ = {isa = PBXBuildFile; fileRef = 4E005BBF23845927001BB183 /* ClassDnDAPI.swift */; };
		4E005BC323845F4E001BB183 /* ClassDnDCoordinator.swift in Sources */ = {isa = PBXBuildFile; fileRef = 4E005BC223845F4E001BB183 /* ClassDnDCoordinator.swift */; };
		4E4EE5C223885D6900C05A55 /* TabBarController.swift in Sources */ = {isa = PBXBuildFile; fileRef = 4E4EE5C123885D6900C05A55 /* TabBarController.swift */; };
		4E78C681238C1F4000A94304 /* ProficienciesTableViewCell.swift in Sources */ = {isa = PBXBuildFile; fileRef = 4E78C67F238C1F4000A94304 /* ProficienciesTableViewCell.swift */; };
		4E78C682238C1F4000A94304 /* ProficienciesTableViewCell.xib in Resources */ = {isa = PBXBuildFile; fileRef = 4E78C680238C1F4000A94304 /* ProficienciesTableViewCell.xib */; };
		4EA4CA962382CEE500A99F09 /* AppDelegate.swift in Sources */ = {isa = PBXBuildFile; fileRef = 4EA4CA952382CEE500A99F09 /* AppDelegate.swift */; };
		4EA4CA9E2382CEE500A99F09 /* DnD.xcdatamodeld in Sources */ = {isa = PBXBuildFile; fileRef = 4EA4CA9C2382CEE500A99F09 /* DnD.xcdatamodeld */; };
		4EA4CAA02382CEE700A99F09 /* Assets.xcassets in Resources */ = {isa = PBXBuildFile; fileRef = 4EA4CA9F2382CEE700A99F09 /* Assets.xcassets */; };
		4EA4CAA32382CEE700A99F09 /* LaunchScreen.storyboard in Resources */ = {isa = PBXBuildFile; fileRef = 4EA4CAA12382CEE700A99F09 /* LaunchScreen.storyboard */; };
		4EA4CAAE2382CEE700A99F09 /* DnDTests.swift in Sources */ = {isa = PBXBuildFile; fileRef = 4EA4CAAD2382CEE700A99F09 /* DnDTests.swift */; };
		4EA4CAB92382CEE700A99F09 /* DnDUITests.swift in Sources */ = {isa = PBXBuildFile; fileRef = 4EA4CAB82382CEE700A99F09 /* DnDUITests.swift */; };
		4EAA193D2382D1E4002D0AAC /* BaseAPI.swift in Sources */ = {isa = PBXBuildFile; fileRef = 4EAA193C2382D1E4002D0AAC /* BaseAPI.swift */; };
		4EAA193F2382D399002D0AAC /* ClassesDnD.swift in Sources */ = {isa = PBXBuildFile; fileRef = 4EAA193E2382D399002D0AAC /* ClassesDnD.swift */; };
		4EAA19412382D624002D0AAC /* ClassShortDnD.swift in Sources */ = {isa = PBXBuildFile; fileRef = 4EAA19402382D624002D0AAC /* ClassShortDnD.swift */; };
		4EAA19432382D648002D0AAC /* ClassFullDnD.swift in Sources */ = {isa = PBXBuildFile; fileRef = 4EAA19422382D648002D0AAC /* ClassFullDnD.swift */; };
		4EAA19452382D7E4002D0AAC /* ClassesAPI.swift in Sources */ = {isa = PBXBuildFile; fileRef = 4EAA19442382D7E4002D0AAC /* ClassesAPI.swift */; };
		4EAA194C2382F85E002D0AAC /* Classes.storyboard in Resources */ = {isa = PBXBuildFile; fileRef = 4EAA194B2382F85E002D0AAC /* Classes.storyboard */; };
		4EAA19512382F8B3002D0AAC /* ClassesTableViewCell.swift in Sources */ = {isa = PBXBuildFile; fileRef = 4EAA194F2382F8B3002D0AAC /* ClassesTableViewCell.swift */; };
		4EAA19522382F8B3002D0AAC /* ClassesTableViewCell.xib in Resources */ = {isa = PBXBuildFile; fileRef = 4EAA19502382F8B3002D0AAC /* ClassesTableViewCell.xib */; };
		4EAA19542382F8FE002D0AAC /* ClassesViewController.swift in Sources */ = {isa = PBXBuildFile; fileRef = 4EAA19532382F8FE002D0AAC /* ClassesViewController.swift */; };
		4EAA19582382F98E002D0AAC /* Storyboard.swift in Sources */ = {isa = PBXBuildFile; fileRef = 4EAA19552382F98E002D0AAC /* Storyboard.swift */; };
		4EAA19592382F98E002D0AAC /* Identifiable.swift in Sources */ = {isa = PBXBuildFile; fileRef = 4EAA19562382F98E002D0AAC /* Identifiable.swift */; };
		4EAA195A2382F98E002D0AAC /* Bindable.swift in Sources */ = {isa = PBXBuildFile; fileRef = 4EAA19572382F98E002D0AAC /* Bindable.swift */; };
		4EAA195C2382F9FF002D0AAC /* ClassesCoordinator.swift in Sources */ = {isa = PBXBuildFile; fileRef = 4EAA195B2382F9FF002D0AAC /* ClassesCoordinator.swift */; };
		4EAA195E2382FAE6002D0AAC /* Coordinator.swift in Sources */ = {isa = PBXBuildFile; fileRef = 4EAA195D2382FAE6002D0AAC /* Coordinator.swift */; };
		4EAA1961238300FA002D0AAC /* ClassesViewModel.swift in Sources */ = {isa = PBXBuildFile; fileRef = 4EAA1960238300FA002D0AAC /* ClassesViewModel.swift */; };
		4EAA196423830320002D0AAC /* ClassesManager.swift in Sources */ = {isa = PBXBuildFile; fileRef = 4EAA196323830320002D0AAC /* ClassesManager.swift */; };
		4EAA19662383124D002D0AAC /* UITableView.swift in Sources */ = {isa = PBXBuildFile; fileRef = 4EAA19652383124D002D0AAC /* UITableView.swift */; };
		730D370323C1F6842079FDDE /* Pods_DnD.framework in Frameworks */ = {isa = PBXBuildFile; fileRef = 33DF4C58B4B9E0150C3C5873 /* Pods_DnD.framework */; };
		DCF03C103151DDEAD9DC2E2A /* Pods_DnDUITests.framework in Frameworks */ = {isa = PBXBuildFile; fileRef = 8A3AA627210349DD21DD128B /* Pods_DnDUITests.framework */; };
/* End PBXBuildFile section */

/* Begin PBXContainerItemProxy section */
		4EA4CAAA2382CEE700A99F09 /* PBXContainerItemProxy */ = {
			isa = PBXContainerItemProxy;
			containerPortal = 4EA4CA8A2382CEE500A99F09 /* Project object */;
			proxyType = 1;
			remoteGlobalIDString = 4EA4CA912382CEE500A99F09;
			remoteInfo = DnD;
		};
		4EA4CAB52382CEE700A99F09 /* PBXContainerItemProxy */ = {
			isa = PBXContainerItemProxy;
			containerPortal = 4EA4CA8A2382CEE500A99F09 /* Project object */;
			proxyType = 1;
			remoteGlobalIDString = 4EA4CA912382CEE500A99F09;
			remoteInfo = DnD;
		};
/* End PBXContainerItemProxy section */

/* Begin PBXFileReference section */
		0913BF860D6991B4A7F40A62 /* Pods_DnDTests.framework */ = {isa = PBXFileReference; explicitFileType = wrapper.framework; includeInIndex = 0; path = Pods_DnDTests.framework; sourceTree = BUILT_PRODUCTS_DIR; };
		20830C9FE59360E32886C199 /* Pods-DnDUITests.debug.xcconfig */ = {isa = PBXFileReference; includeInIndex = 1; lastKnownFileType = text.xcconfig; name = "Pods-DnDUITests.debug.xcconfig"; path = "Target Support Files/Pods-DnDUITests/Pods-DnDUITests.debug.xcconfig"; sourceTree = "<group>"; };
		33DF4C58B4B9E0150C3C5873 /* Pods_DnD.framework */ = {isa = PBXFileReference; explicitFileType = wrapper.framework; includeInIndex = 0; path = Pods_DnD.framework; sourceTree = BUILT_PRODUCTS_DIR; };
		4E005BB3238452C4001BB183 /* ClassDnD.storyboard */ = {isa = PBXFileReference; lastKnownFileType = file.storyboard; path = ClassDnD.storyboard; sourceTree = "<group>"; };
		4E005BB62384533A001BB183 /* ClassDnDViewController.swift */ = {isa = PBXFileReference; lastKnownFileType = sourcecode.swift; path = ClassDnDViewController.swift; sourceTree = "<group>"; };
		4E005BB823845372001BB183 /* ClassDnDViewModel.swift */ = {isa = PBXFileReference; lastKnownFileType = sourcecode.swift; path = ClassDnDViewModel.swift; sourceTree = "<group>"; };
		4E005BBD23845902001BB183 /* ClassDnDManager.swift */ = {isa = PBXFileReference; lastKnownFileType = sourcecode.swift; path = ClassDnDManager.swift; sourceTree = "<group>"; };
		4E005BBF23845927001BB183 /* ClassDnDAPI.swift */ = {isa = PBXFileReference; lastKnownFileType = sourcecode.swift; path = ClassDnDAPI.swift; sourceTree = "<group>"; };
		4E005BC223845F4E001BB183 /* ClassDnDCoordinator.swift */ = {isa = PBXFileReference; lastKnownFileType = sourcecode.swift; path = ClassDnDCoordinator.swift; sourceTree = "<group>"; };
		4E4EE5C123885D6900C05A55 /* TabBarController.swift */ = {isa = PBXFileReference; lastKnownFileType = sourcecode.swift; path = TabBarController.swift; sourceTree = "<group>"; };
		4E78C67F238C1F4000A94304 /* ProficienciesTableViewCell.swift */ = {isa = PBXFileReference; lastKnownFileType = sourcecode.swift; path = ProficienciesTableViewCell.swift; sourceTree = "<group>"; };
		4E78C680238C1F4000A94304 /* ProficienciesTableViewCell.xib */ = {isa = PBXFileReference; lastKnownFileType = file.xib; path = ProficienciesTableViewCell.xib; sourceTree = "<group>"; };
		4EA4CA922382CEE500A99F09 /* DnD.app */ = {isa = PBXFileReference; explicitFileType = wrapper.application; includeInIndex = 0; path = DnD.app; sourceTree = BUILT_PRODUCTS_DIR; };
		4EA4CA952382CEE500A99F09 /* AppDelegate.swift */ = {isa = PBXFileReference; lastKnownFileType = sourcecode.swift; path = AppDelegate.swift; sourceTree = "<group>"; };
		4EA4CA9D2382CEE500A99F09 /* DnD.xcdatamodel */ = {isa = PBXFileReference; lastKnownFileType = wrapper.xcdatamodel; path = DnD.xcdatamodel; sourceTree = "<group>"; };
		4EA4CA9F2382CEE700A99F09 /* Assets.xcassets */ = {isa = PBXFileReference; lastKnownFileType = folder.assetcatalog; path = Assets.xcassets; sourceTree = "<group>"; };
		4EA4CAA22382CEE700A99F09 /* Base */ = {isa = PBXFileReference; lastKnownFileType = file.storyboard; name = Base; path = Base.lproj/LaunchScreen.storyboard; sourceTree = "<group>"; };
		4EA4CAA42382CEE700A99F09 /* Info.plist */ = {isa = PBXFileReference; lastKnownFileType = text.plist.xml; path = Info.plist; sourceTree = "<group>"; };
		4EA4CAA92382CEE700A99F09 /* DnDTests.xctest */ = {isa = PBXFileReference; explicitFileType = wrapper.cfbundle; includeInIndex = 0; path = DnDTests.xctest; sourceTree = BUILT_PRODUCTS_DIR; };
		4EA4CAAD2382CEE700A99F09 /* DnDTests.swift */ = {isa = PBXFileReference; lastKnownFileType = sourcecode.swift; path = DnDTests.swift; sourceTree = "<group>"; };
		4EA4CAAF2382CEE700A99F09 /* Info.plist */ = {isa = PBXFileReference; lastKnownFileType = text.plist.xml; path = Info.plist; sourceTree = "<group>"; };
		4EA4CAB42382CEE700A99F09 /* DnDUITests.xctest */ = {isa = PBXFileReference; explicitFileType = wrapper.cfbundle; includeInIndex = 0; path = DnDUITests.xctest; sourceTree = BUILT_PRODUCTS_DIR; };
		4EA4CAB82382CEE700A99F09 /* DnDUITests.swift */ = {isa = PBXFileReference; lastKnownFileType = sourcecode.swift; path = DnDUITests.swift; sourceTree = "<group>"; };
		4EA4CABA2382CEE700A99F09 /* Info.plist */ = {isa = PBXFileReference; lastKnownFileType = text.plist.xml; path = Info.plist; sourceTree = "<group>"; };
		4EAA193C2382D1E4002D0AAC /* BaseAPI.swift */ = {isa = PBXFileReference; lastKnownFileType = sourcecode.swift; path = BaseAPI.swift; sourceTree = "<group>"; };
		4EAA193E2382D399002D0AAC /* ClassesDnD.swift */ = {isa = PBXFileReference; lastKnownFileType = sourcecode.swift; path = ClassesDnD.swift; sourceTree = "<group>"; };
		4EAA19402382D624002D0AAC /* ClassShortDnD.swift */ = {isa = PBXFileReference; lastKnownFileType = sourcecode.swift; path = ClassShortDnD.swift; sourceTree = "<group>"; };
		4EAA19422382D648002D0AAC /* ClassFullDnD.swift */ = {isa = PBXFileReference; lastKnownFileType = sourcecode.swift; path = ClassFullDnD.swift; sourceTree = "<group>"; };
		4EAA19442382D7E4002D0AAC /* ClassesAPI.swift */ = {isa = PBXFileReference; lastKnownFileType = sourcecode.swift; path = ClassesAPI.swift; sourceTree = "<group>"; };
		4EAA194B2382F85E002D0AAC /* Classes.storyboard */ = {isa = PBXFileReference; lastKnownFileType = file.storyboard; path = Classes.storyboard; sourceTree = "<group>"; };
		4EAA194F2382F8B3002D0AAC /* ClassesTableViewCell.swift */ = {isa = PBXFileReference; lastKnownFileType = sourcecode.swift; path = ClassesTableViewCell.swift; sourceTree = "<group>"; };
		4EAA19502382F8B3002D0AAC /* ClassesTableViewCell.xib */ = {isa = PBXFileReference; lastKnownFileType = file.xib; path = ClassesTableViewCell.xib; sourceTree = "<group>"; };
		4EAA19532382F8FE002D0AAC /* ClassesViewController.swift */ = {isa = PBXFileReference; lastKnownFileType = sourcecode.swift; path = ClassesViewController.swift; sourceTree = "<group>"; };
		4EAA19552382F98E002D0AAC /* Storyboard.swift */ = {isa = PBXFileReference; fileEncoding = 4; lastKnownFileType = sourcecode.swift; path = Storyboard.swift; sourceTree = "<group>"; };
		4EAA19562382F98E002D0AAC /* Identifiable.swift */ = {isa = PBXFileReference; fileEncoding = 4; lastKnownFileType = sourcecode.swift; path = Identifiable.swift; sourceTree = "<group>"; };
		4EAA19572382F98E002D0AAC /* Bindable.swift */ = {isa = PBXFileReference; fileEncoding = 4; lastKnownFileType = sourcecode.swift; path = Bindable.swift; sourceTree = "<group>"; };
		4EAA195B2382F9FF002D0AAC /* ClassesCoordinator.swift */ = {isa = PBXFileReference; lastKnownFileType = sourcecode.swift; path = ClassesCoordinator.swift; sourceTree = "<group>"; };
		4EAA195D2382FAE6002D0AAC /* Coordinator.swift */ = {isa = PBXFileReference; lastKnownFileType = sourcecode.swift; path = Coordinator.swift; sourceTree = "<group>"; };
		4EAA1960238300FA002D0AAC /* ClassesViewModel.swift */ = {isa = PBXFileReference; lastKnownFileType = sourcecode.swift; path = ClassesViewModel.swift; sourceTree = "<group>"; };
		4EAA196323830320002D0AAC /* ClassesManager.swift */ = {isa = PBXFileReference; lastKnownFileType = sourcecode.swift; path = ClassesManager.swift; sourceTree = "<group>"; };
		4EAA19652383124D002D0AAC /* UITableView.swift */ = {isa = PBXFileReference; lastKnownFileType = sourcecode.swift; path = UITableView.swift; sourceTree = "<group>"; };
		78CFC85370B80F891642EA71 /* Pods-DnDTests.debug.xcconfig */ = {isa = PBXFileReference; includeInIndex = 1; lastKnownFileType = text.xcconfig; name = "Pods-DnDTests.debug.xcconfig"; path = "Target Support Files/Pods-DnDTests/Pods-DnDTests.debug.xcconfig"; sourceTree = "<group>"; };
		888BC954B4F3FD801E4011CB /* Pods-DnD.debug.xcconfig */ = {isa = PBXFileReference; includeInIndex = 1; lastKnownFileType = text.xcconfig; name = "Pods-DnD.debug.xcconfig"; path = "Target Support Files/Pods-DnD/Pods-DnD.debug.xcconfig"; sourceTree = "<group>"; };
		8A3AA627210349DD21DD128B /* Pods_DnDUITests.framework */ = {isa = PBXFileReference; explicitFileType = wrapper.framework; includeInIndex = 0; path = Pods_DnDUITests.framework; sourceTree = BUILT_PRODUCTS_DIR; };
		8FAE66D13C26BE046F8B194A /* Pods-DnDTests.release.xcconfig */ = {isa = PBXFileReference; includeInIndex = 1; lastKnownFileType = text.xcconfig; name = "Pods-DnDTests.release.xcconfig"; path = "Target Support Files/Pods-DnDTests/Pods-DnDTests.release.xcconfig"; sourceTree = "<group>"; };
		ACF0BDCFD3C6EB0EE482DFFE /* Pods-DnD.release.xcconfig */ = {isa = PBXFileReference; includeInIndex = 1; lastKnownFileType = text.xcconfig; name = "Pods-DnD.release.xcconfig"; path = "Target Support Files/Pods-DnD/Pods-DnD.release.xcconfig"; sourceTree = "<group>"; };
		BEC06C30F39062D95FE2A59B /* Pods-DnDUITests.release.xcconfig */ = {isa = PBXFileReference; includeInIndex = 1; lastKnownFileType = text.xcconfig; name = "Pods-DnDUITests.release.xcconfig"; path = "Target Support Files/Pods-DnDUITests/Pods-DnDUITests.release.xcconfig"; sourceTree = "<group>"; };
/* End PBXFileReference section */

/* Begin PBXFrameworksBuildPhase section */
		4EA4CA8F2382CEE500A99F09 /* Frameworks */ = {
			isa = PBXFrameworksBuildPhase;
			buildActionMask = 2147483647;
			files = (
				730D370323C1F6842079FDDE /* Pods_DnD.framework in Frameworks */,
			);
			runOnlyForDeploymentPostprocessing = 0;
		};
		4EA4CAA62382CEE700A99F09 /* Frameworks */ = {
			isa = PBXFrameworksBuildPhase;
			buildActionMask = 2147483647;
			files = (
				176A106DACFD9A0F71F12BAA /* Pods_DnDTests.framework in Frameworks */,
			);
			runOnlyForDeploymentPostprocessing = 0;
		};
		4EA4CAB12382CEE700A99F09 /* Frameworks */ = {
			isa = PBXFrameworksBuildPhase;
			buildActionMask = 2147483647;
			files = (
				DCF03C103151DDEAD9DC2E2A /* Pods_DnDUITests.framework in Frameworks */,
			);
			runOnlyForDeploymentPostprocessing = 0;
		};
/* End PBXFrameworksBuildPhase section */

/* Begin PBXGroup section */
		16C94129E14AE0379DBC5977 /* Frameworks */ = {
			isa = PBXGroup;
			children = (
				33DF4C58B4B9E0150C3C5873 /* Pods_DnD.framework */,
				0913BF860D6991B4A7F40A62 /* Pods_DnDTests.framework */,
				8A3AA627210349DD21DD128B /* Pods_DnDUITests.framework */,
			);
			name = Frameworks;
			sourceTree = "<group>";
		};
		4E005BAE23842DE0001BB183 /* Classes */ = {
			isa = PBXGroup;
			children = (
				4EAA19622383030A002D0AAC /* Manager */,
				4EAA195F238300EC002D0AAC /* ViewModel */,
				4EAA19482382F827002D0AAC /* View */,
				4EAA19472382F80F002D0AAC /* API */,
				4EAA19462382F6A9002D0AAC /* Model */,
				4EAA195B2382F9FF002D0AAC /* ClassesCoordinator.swift */,
			);
			path = Classes;
			sourceTree = "<group>";
		};
		4E005BAF23842DF5001BB183 /* Class */ = {
			isa = PBXGroup;
			children = (
				4E005BC123845C40001BB183 /* Manager */,
				4E005BBA2384572E001BB183 /* API */,
				4E005BB223844849001BB183 /* Model */,
				4E005BB12384482B001BB183 /* ViewModel */,
				4E005BB02384481D001BB183 /* View */,
				4E005BC223845F4E001BB183 /* ClassDnDCoordinator.swift */,
			);
			path = Class;
			sourceTree = "<group>";
		};
		4E005BB02384481D001BB183 /* View */ = {
			isa = PBXGroup;
			children = (
				4E005BB62384533A001BB183 /* ClassDnDViewController.swift */,
			);
			path = View;
			sourceTree = "<group>";
		};
		4E005BB12384482B001BB183 /* ViewModel */ = {
			isa = PBXGroup;
			children = (
				4E005BB823845372001BB183 /* ClassDnDViewModel.swift */,
			);
			path = ViewModel;
			sourceTree = "<group>";
		};
		4E005BB223844849001BB183 /* Model */ = {
			isa = PBXGroup;
			children = (
				4EAA19422382D648002D0AAC /* ClassFullDnD.swift */,
			);
			path = Model;
			sourceTree = "<group>";
		};
		4E005BBA2384572E001BB183 /* API */ = {
			isa = PBXGroup;
			children = (
				4E005BBF23845927001BB183 /* ClassDnDAPI.swift */,
			);
			path = API;
			sourceTree = "<group>";
		};
		4E005BC123845C40001BB183 /* Manager */ = {
			isa = PBXGroup;
			children = (
				4E005BBD23845902001BB183 /* ClassDnDManager.swift */,
			);
			path = Manager;
			sourceTree = "<group>";
		};
		4E78C67E238C1F1200A94304 /* Proficiencies */ = {
			isa = PBXGroup;
			children = (
				4E78C67F238C1F4000A94304 /* ProficienciesTableViewCell.swift */,
				4E78C680238C1F4000A94304 /* ProficienciesTableViewCell.xib */,
			);
			path = Proficiencies;
			sourceTree = "<group>";
		};
		4EA4CA892382CEE500A99F09 = {
			isa = PBXGroup;
			children = (
				4EA4CA942382CEE500A99F09 /* DnD */,
				4EA4CAAC2382CEE700A99F09 /* DnDTests */,
				4EA4CAB72382CEE700A99F09 /* DnDUITests */,
				4EA4CA932382CEE500A99F09 /* Products */,
				8BF80ACD312F30DD8D28659E /* Pods */,
				16C94129E14AE0379DBC5977 /* Frameworks */,
			);
			sourceTree = "<group>";
		};
		4EA4CA932382CEE500A99F09 /* Products */ = {
			isa = PBXGroup;
			children = (
				4EA4CA922382CEE500A99F09 /* DnD.app */,
				4EA4CAA92382CEE700A99F09 /* DnDTests.xctest */,
				4EA4CAB42382CEE700A99F09 /* DnDUITests.xctest */,
			);
			name = Products;
			sourceTree = "<group>";
		};
		4EA4CA942382CEE500A99F09 /* DnD */ = {
			isa = PBXGroup;
			children = (
				4EA4CAA42382CEE700A99F09 /* Info.plist */,
				4EAA19492382F83D002D0AAC /* Resource */,
				4EAA19392382D1A8002D0AAC /* Source  */,
			);
			path = DnD;
			sourceTree = "<group>";
		};
		4EA4CAAC2382CEE700A99F09 /* DnDTests */ = {
			isa = PBXGroup;
			children = (
				4EA4CAAD2382CEE700A99F09 /* DnDTests.swift */,
				4EA4CAAF2382CEE700A99F09 /* Info.plist */,
			);
			path = DnDTests;
			sourceTree = "<group>";
		};
		4EA4CAB72382CEE700A99F09 /* DnDUITests */ = {
			isa = PBXGroup;
			children = (
				4EA4CAB82382CEE700A99F09 /* DnDUITests.swift */,
				4EA4CABA2382CEE700A99F09 /* Info.plist */,
			);
			path = DnDUITests;
			sourceTree = "<group>";
		};
		4EAA19382382D18F002D0AAC /* ClassesDnD */ = {
			isa = PBXGroup;
			children = (
				4E005BAE23842DE0001BB183 /* Classes */,
			);
			path = ClassesDnD;
			sourceTree = "<group>";
		};
		4EAA19392382D1A8002D0AAC /* Source  */ = {
			isa = PBXGroup;
			children = (
				4EAA193B2382D1D1002D0AAC /* Common */,
				4EAA193A2382D1B9002D0AAC /* Features */,
			);
			path = "Source ";
			sourceTree = "<group>";
		};
		4EAA193A2382D1B9002D0AAC /* Features */ = {
			isa = PBXGroup;
			children = (
				4E78C67E238C1F1200A94304 /* Proficiencies */,
				4E005BAF23842DF5001BB183 /* Class */,
				4EAA19382382D18F002D0AAC /* ClassesDnD */,
				4E4EE5C123885D6900C05A55 /* TabBarController.swift */,
			);
			path = Features;
			sourceTree = "<group>";
		};
		4EAA193B2382D1D1002D0AAC /* Common */ = {
			isa = PBXGroup;
			children = (
				4EAA19572382F98E002D0AAC /* Bindable.swift */,
				4EAA19562382F98E002D0AAC /* Identifiable.swift */,
				4EAA19552382F98E002D0AAC /* Storyboard.swift */,
				4EAA193C2382D1E4002D0AAC /* BaseAPI.swift */,
				4EAA195D2382FAE6002D0AAC /* Coordinator.swift */,
				4EAA19652383124D002D0AAC /* UITableView.swift */,
			);
			path = Common;
			sourceTree = "<group>";
		};
		4EAA19462382F6A9002D0AAC /* Model */ = {
			isa = PBXGroup;
			children = (
				4EAA19402382D624002D0AAC /* ClassShortDnD.swift */,
				4EAA193E2382D399002D0AAC /* ClassesDnD.swift */,
			);
			path = Model;
			sourceTree = "<group>";
		};
		4EAA19472382F80F002D0AAC /* API */ = {
			isa = PBXGroup;
			children = (
				4EAA19442382D7E4002D0AAC /* ClassesAPI.swift */,
			);
			path = API;
			sourceTree = "<group>";
		};
		4EAA19482382F827002D0AAC /* View */ = {
			isa = PBXGroup;
			children = (
				4EAA194F2382F8B3002D0AAC /* ClassesTableViewCell.swift */,
				4EAA19532382F8FE002D0AAC /* ClassesViewController.swift */,
			);
			path = View;
			sourceTree = "<group>";
		};
		4EAA19492382F83D002D0AAC /* Resource */ = {
			isa = PBXGroup;
			children = (
				4EAA19502382F8B3002D0AAC /* ClassesTableViewCell.xib */,
				4EAA194B2382F85E002D0AAC /* Classes.storyboard */,
				4EA4CA952382CEE500A99F09 /* AppDelegate.swift */,
				4EA4CA9F2382CEE700A99F09 /* Assets.xcassets */,
				4EA4CA9C2382CEE500A99F09 /* DnD.xcdatamodeld */,
				4EA4CAA12382CEE700A99F09 /* LaunchScreen.storyboard */,
				4E005BB3238452C4001BB183 /* ClassDnD.storyboard */,
			);
			path = Resource;
			sourceTree = "<group>";
		};
		4EAA195F238300EC002D0AAC /* ViewModel */ = {
			isa = PBXGroup;
			children = (
				4EAA1960238300FA002D0AAC /* ClassesViewModel.swift */,
			);
			path = ViewModel;
			sourceTree = "<group>";
		};
		4EAA19622383030A002D0AAC /* Manager */ = {
			isa = PBXGroup;
			children = (
				4EAA196323830320002D0AAC /* ClassesManager.swift */,
			);
			path = Manager;
			sourceTree = "<group>";
		};
		8BF80ACD312F30DD8D28659E /* Pods */ = {
			isa = PBXGroup;
			children = (
				888BC954B4F3FD801E4011CB /* Pods-DnD.debug.xcconfig */,
				ACF0BDCFD3C6EB0EE482DFFE /* Pods-DnD.release.xcconfig */,
				78CFC85370B80F891642EA71 /* Pods-DnDTests.debug.xcconfig */,
				8FAE66D13C26BE046F8B194A /* Pods-DnDTests.release.xcconfig */,
				20830C9FE59360E32886C199 /* Pods-DnDUITests.debug.xcconfig */,
				BEC06C30F39062D95FE2A59B /* Pods-DnDUITests.release.xcconfig */,
			);
			path = Pods;
			sourceTree = "<group>";
		};
/* End PBXGroup section */

/* Begin PBXNativeTarget section */
		4EA4CA912382CEE500A99F09 /* DnD */ = {
			isa = PBXNativeTarget;
			buildConfigurationList = 4EA4CABD2382CEE700A99F09 /* Build configuration list for PBXNativeTarget "DnD" */;
			buildPhases = (
				872E1E9EF6095B1D91473986 /* [CP] Check Pods Manifest.lock */,
				4EA4CA8E2382CEE500A99F09 /* Sources */,
				4EA4CA8F2382CEE500A99F09 /* Frameworks */,
				4EA4CA902382CEE500A99F09 /* Resources */,
				4EAA19372382D081002D0AAC /* Swiftlint */,
			);
			buildRules = (
			);
			dependencies = (
			);
			name = DnD;
			productName = DnD;
			productReference = 4EA4CA922382CEE500A99F09 /* DnD.app */;
			productType = "com.apple.product-type.application";
		};
		4EA4CAA82382CEE700A99F09 /* DnDTests */ = {
			isa = PBXNativeTarget;
			buildConfigurationList = 4EA4CAC02382CEE700A99F09 /* Build configuration list for PBXNativeTarget "DnDTests" */;
			buildPhases = (
				4B2A910EB22B7EA45D5E4D8A /* [CP] Check Pods Manifest.lock */,
				4EA4CAA52382CEE700A99F09 /* Sources */,
				4EA4CAA62382CEE700A99F09 /* Frameworks */,
				4EA4CAA72382CEE700A99F09 /* Resources */,
			);
			buildRules = (
			);
			dependencies = (
				4EA4CAAB2382CEE700A99F09 /* PBXTargetDependency */,
			);
			name = DnDTests;
			productName = DnDTests;
			productReference = 4EA4CAA92382CEE700A99F09 /* DnDTests.xctest */;
			productType = "com.apple.product-type.bundle.unit-test";
		};
		4EA4CAB32382CEE700A99F09 /* DnDUITests */ = {
			isa = PBXNativeTarget;
			buildConfigurationList = 4EA4CAC32382CEE700A99F09 /* Build configuration list for PBXNativeTarget "DnDUITests" */;
			buildPhases = (
				E78FF666B13FCF7CC4348565 /* [CP] Check Pods Manifest.lock */,
				4EA4CAB02382CEE700A99F09 /* Sources */,
				4EA4CAB12382CEE700A99F09 /* Frameworks */,
				4EA4CAB22382CEE700A99F09 /* Resources */,
			);
			buildRules = (
			);
			dependencies = (
				4EA4CAB62382CEE700A99F09 /* PBXTargetDependency */,
			);
			name = DnDUITests;
			productName = DnDUITests;
			productReference = 4EA4CAB42382CEE700A99F09 /* DnDUITests.xctest */;
			productType = "com.apple.product-type.bundle.ui-testing";
		};
/* End PBXNativeTarget section */

/* Begin PBXProject section */
		4EA4CA8A2382CEE500A99F09 /* Project object */ = {
			isa = PBXProject;
			attributes = {
				LastSwiftUpdateCheck = 1010;
				LastUpgradeCheck = 1010;
				ORGANIZATIONNAME = "Paulo Cesar Morandi Massuci";
				TargetAttributes = {
					4EA4CA912382CEE500A99F09 = {
						CreatedOnToolsVersion = 10.1;
					};
					4EA4CAA82382CEE700A99F09 = {
						CreatedOnToolsVersion = 10.1;
						TestTargetID = 4EA4CA912382CEE500A99F09;
					};
					4EA4CAB32382CEE700A99F09 = {
						CreatedOnToolsVersion = 10.1;
						TestTargetID = 4EA4CA912382CEE500A99F09;
					};
				};
			};
			buildConfigurationList = 4EA4CA8D2382CEE500A99F09 /* Build configuration list for PBXProject "DnD" */;
			compatibilityVersion = "Xcode 9.3";
			developmentRegion = en;
			hasScannedForEncodings = 0;
			knownRegions = (
				en,
				Base,
			);
			mainGroup = 4EA4CA892382CEE500A99F09;
			productRefGroup = 4EA4CA932382CEE500A99F09 /* Products */;
			projectDirPath = "";
			projectRoot = "";
			targets = (
				4EA4CA912382CEE500A99F09 /* DnD */,
				4EA4CAA82382CEE700A99F09 /* DnDTests */,
				4EA4CAB32382CEE700A99F09 /* DnDUITests */,
			);
		};
/* End PBXProject section */

/* Begin PBXResourcesBuildPhase section */
		4EA4CA902382CEE500A99F09 /* Resources */ = {
			isa = PBXResourcesBuildPhase;
			buildActionMask = 2147483647;
			files = (
				4E005BB4238452C4001BB183 /* ClassDnD.storyboard in Resources */,
				4EAA19522382F8B3002D0AAC /* ClassesTableViewCell.xib in Resources */,
				4EA4CAA32382CEE700A99F09 /* LaunchScreen.storyboard in Resources */,
				4E78C682238C1F4000A94304 /* ProficienciesTableViewCell.xib in Resources */,
				4EA4CAA02382CEE700A99F09 /* Assets.xcassets in Resources */,
				4EAA194C2382F85E002D0AAC /* Classes.storyboard in Resources */,
			);
			runOnlyForDeploymentPostprocessing = 0;
		};
		4EA4CAA72382CEE700A99F09 /* Resources */ = {
			isa = PBXResourcesBuildPhase;
			buildActionMask = 2147483647;
			files = (
			);
			runOnlyForDeploymentPostprocessing = 0;
		};
		4EA4CAB22382CEE700A99F09 /* Resources */ = {
			isa = PBXResourcesBuildPhase;
			buildActionMask = 2147483647;
			files = (
			);
			runOnlyForDeploymentPostprocessing = 0;
		};
/* End PBXResourcesBuildPhase section */

/* Begin PBXShellScriptBuildPhase section */
		4B2A910EB22B7EA45D5E4D8A /* [CP] Check Pods Manifest.lock */ = {
			isa = PBXShellScriptBuildPhase;
			buildActionMask = 2147483647;
			files = (
			);
			inputFileListPaths = (
			);
			inputPaths = (
				"${PODS_PODFILE_DIR_PATH}/Podfile.lock",
				"${PODS_ROOT}/Manifest.lock",
			);
			name = "[CP] Check Pods Manifest.lock";
			outputFileListPaths = (
			);
			outputPaths = (
				"$(DERIVED_FILE_DIR)/Pods-DnDTests-checkManifestLockResult.txt",
			);
			runOnlyForDeploymentPostprocessing = 0;
			shellPath = /bin/sh;
			shellScript = "diff \"${PODS_PODFILE_DIR_PATH}/Podfile.lock\" \"${PODS_ROOT}/Manifest.lock\" > /dev/null\nif [ $? != 0 ] ; then\n    # print error to STDERR\n    echo \"error: The sandbox is not in sync with the Podfile.lock. Run 'pod install' or update your CocoaPods installation.\" >&2\n    exit 1\nfi\n# This output is used by Xcode 'outputs' to avoid re-running this script phase.\necho \"SUCCESS\" > \"${SCRIPT_OUTPUT_FILE_0}\"\n";
			showEnvVarsInLog = 0;
		};
		4EAA19372382D081002D0AAC /* Swiftlint */ = {
			isa = PBXShellScriptBuildPhase;
			buildActionMask = 2147483647;
			files = (
			);
			inputFileListPaths = (
			);
			inputPaths = (
			);
			name = Swiftlint;
			outputFileListPaths = (
			);
			outputPaths = (
			);
			runOnlyForDeploymentPostprocessing = 0;
			shellPath = /bin/sh;
			shellScript = "\"${PODS_ROOT}/SwiftLint/swiftlint\"\n";
		};
		872E1E9EF6095B1D91473986 /* [CP] Check Pods Manifest.lock */ = {
			isa = PBXShellScriptBuildPhase;
			buildActionMask = 2147483647;
			files = (
			);
			inputFileListPaths = (
			);
			inputPaths = (
				"${PODS_PODFILE_DIR_PATH}/Podfile.lock",
				"${PODS_ROOT}/Manifest.lock",
			);
			name = "[CP] Check Pods Manifest.lock";
			outputFileListPaths = (
			);
			outputPaths = (
				"$(DERIVED_FILE_DIR)/Pods-DnD-checkManifestLockResult.txt",
			);
			runOnlyForDeploymentPostprocessing = 0;
			shellPath = /bin/sh;
			shellScript = "diff \"${PODS_PODFILE_DIR_PATH}/Podfile.lock\" \"${PODS_ROOT}/Manifest.lock\" > /dev/null\nif [ $? != 0 ] ; then\n    # print error to STDERR\n    echo \"error: The sandbox is not in sync with the Podfile.lock. Run 'pod install' or update your CocoaPods installation.\" >&2\n    exit 1\nfi\n# This output is used by Xcode 'outputs' to avoid re-running this script phase.\necho \"SUCCESS\" > \"${SCRIPT_OUTPUT_FILE_0}\"\n";
			showEnvVarsInLog = 0;
		};
		E78FF666B13FCF7CC4348565 /* [CP] Check Pods Manifest.lock */ = {
			isa = PBXShellScriptBuildPhase;
			buildActionMask = 2147483647;
			files = (
			);
			inputFileListPaths = (
			);
			inputPaths = (
				"${PODS_PODFILE_DIR_PATH}/Podfile.lock",
				"${PODS_ROOT}/Manifest.lock",
			);
			name = "[CP] Check Pods Manifest.lock";
			outputFileListPaths = (
			);
			outputPaths = (
				"$(DERIVED_FILE_DIR)/Pods-DnDUITests-checkManifestLockResult.txt",
			);
			runOnlyForDeploymentPostprocessing = 0;
			shellPath = /bin/sh;
			shellScript = "diff \"${PODS_PODFILE_DIR_PATH}/Podfile.lock\" \"${PODS_ROOT}/Manifest.lock\" > /dev/null\nif [ $? != 0 ] ; then\n    # print error to STDERR\n    echo \"error: The sandbox is not in sync with the Podfile.lock. Run 'pod install' or update your CocoaPods installation.\" >&2\n    exit 1\nfi\n# This output is used by Xcode 'outputs' to avoid re-running this script phase.\necho \"SUCCESS\" > \"${SCRIPT_OUTPUT_FILE_0}\"\n";
			showEnvVarsInLog = 0;
		};
/* End PBXShellScriptBuildPhase section */

/* Begin PBXSourcesBuildPhase section */
		4EA4CA8E2382CEE500A99F09 /* Sources */ = {
			isa = PBXSourcesBuildPhase;
			buildActionMask = 2147483647;
			files = (
				4EAA195A2382F98E002D0AAC /* Bindable.swift in Sources */,
				4EAA195E2382FAE6002D0AAC /* Coordinator.swift in Sources */,
				4E005BC323845F4E001BB183 /* ClassDnDCoordinator.swift in Sources */,
				4EAA19592382F98E002D0AAC /* Identifiable.swift in Sources */,
				4EAA19582382F98E002D0AAC /* Storyboard.swift in Sources */,
				4E4EE5C223885D6900C05A55 /* TabBarController.swift in Sources */,
				4E005BB923845372001BB183 /* ClassDnDViewModel.swift in Sources */,
				4E005BB72384533A001BB183 /* ClassDnDViewController.swift in Sources */,
				4EAA196423830320002D0AAC /* ClassesManager.swift in Sources */,
				4EAA1961238300FA002D0AAC /* ClassesViewModel.swift in Sources */,
				4EAA19452382D7E4002D0AAC /* ClassesAPI.swift in Sources */,
				4EAA193F2382D399002D0AAC /* ClassesDnD.swift in Sources */,
				4EAA19432382D648002D0AAC /* ClassFullDnD.swift in Sources */,
				4EAA193D2382D1E4002D0AAC /* BaseAPI.swift in Sources */,
				4EAA19512382F8B3002D0AAC /* ClassesTableViewCell.swift in Sources */,
				4EAA19662383124D002D0AAC /* UITableView.swift in Sources */,
				4EA4CA9E2382CEE500A99F09 /* DnD.xcdatamodeld in Sources */,
				4E005BBE23845902001BB183 /* ClassDnDManager.swift in Sources */,
				4E78C681238C1F4000A94304 /* ProficienciesTableViewCell.swift in Sources */,
				4EAA19542382F8FE002D0AAC /* ClassesViewController.swift in Sources */,
				4E005BC023845928001BB183 /* ClassDnDAPI.swift in Sources */,
				4EAA19412382D624002D0AAC /* ClassShortDnD.swift in Sources */,
				4EA4CA962382CEE500A99F09 /* AppDelegate.swift in Sources */,
				4EAA195C2382F9FF002D0AAC /* ClassesCoordinator.swift in Sources */,
			);
			runOnlyForDeploymentPostprocessing = 0;
		};
		4EA4CAA52382CEE700A99F09 /* Sources */ = {
			isa = PBXSourcesBuildPhase;
			buildActionMask = 2147483647;
			files = (
				4EA4CAAE2382CEE700A99F09 /* DnDTests.swift in Sources */,
			);
			runOnlyForDeploymentPostprocessing = 0;
		};
		4EA4CAB02382CEE700A99F09 /* Sources */ = {
			isa = PBXSourcesBuildPhase;
			buildActionMask = 2147483647;
			files = (
				4EA4CAB92382CEE700A99F09 /* DnDUITests.swift in Sources */,
			);
			runOnlyForDeploymentPostprocessing = 0;
		};
/* End PBXSourcesBuildPhase section */

/* Begin PBXTargetDependency section */
		4EA4CAAB2382CEE700A99F09 /* PBXTargetDependency */ = {
			isa = PBXTargetDependency;
			target = 4EA4CA912382CEE500A99F09 /* DnD */;
			targetProxy = 4EA4CAAA2382CEE700A99F09 /* PBXContainerItemProxy */;
		};
		4EA4CAB62382CEE700A99F09 /* PBXTargetDependency */ = {
			isa = PBXTargetDependency;
			target = 4EA4CA912382CEE500A99F09 /* DnD */;
			targetProxy = 4EA4CAB52382CEE700A99F09 /* PBXContainerItemProxy */;
		};
/* End PBXTargetDependency section */

/* Begin PBXVariantGroup section */
		4EA4CAA12382CEE700A99F09 /* LaunchScreen.storyboard */ = {
			isa = PBXVariantGroup;
			children = (
				4EA4CAA22382CEE700A99F09 /* Base */,
			);
			name = LaunchScreen.storyboard;
			sourceTree = "<group>";
		};
/* End PBXVariantGroup section */

/* Begin XCBuildConfiguration section */
		4EA4CABB2382CEE700A99F09 /* Debug */ = {
			isa = XCBuildConfiguration;
			buildSettings = {
				ALWAYS_SEARCH_USER_PATHS = NO;
				CLANG_ANALYZER_NONNULL = YES;
				CLANG_ANALYZER_NUMBER_OBJECT_CONVERSION = YES_AGGRESSIVE;
				CLANG_CXX_LANGUAGE_STANDARD = "gnu++14";
				CLANG_CXX_LIBRARY = "libc++";
				CLANG_ENABLE_MODULES = YES;
				CLANG_ENABLE_OBJC_ARC = YES;
				CLANG_ENABLE_OBJC_WEAK = YES;
				CLANG_WARN_BLOCK_CAPTURE_AUTORELEASING = YES;
				CLANG_WARN_BOOL_CONVERSION = YES;
				CLANG_WARN_COMMA = YES;
				CLANG_WARN_CONSTANT_CONVERSION = YES;
				CLANG_WARN_DEPRECATED_OBJC_IMPLEMENTATIONS = YES;
				CLANG_WARN_DIRECT_OBJC_ISA_USAGE = YES_ERROR;
				CLANG_WARN_DOCUMENTATION_COMMENTS = YES;
				CLANG_WARN_EMPTY_BODY = YES;
				CLANG_WARN_ENUM_CONVERSION = YES;
				CLANG_WARN_INFINITE_RECURSION = YES;
				CLANG_WARN_INT_CONVERSION = YES;
				CLANG_WARN_NON_LITERAL_NULL_CONVERSION = YES;
				CLANG_WARN_OBJC_IMPLICIT_RETAIN_SELF = YES;
				CLANG_WARN_OBJC_LITERAL_CONVERSION = YES;
				CLANG_WARN_OBJC_ROOT_CLASS = YES_ERROR;
				CLANG_WARN_RANGE_LOOP_ANALYSIS = YES;
				CLANG_WARN_STRICT_PROTOTYPES = YES;
				CLANG_WARN_SUSPICIOUS_MOVE = YES;
				CLANG_WARN_UNGUARDED_AVAILABILITY = YES_AGGRESSIVE;
				CLANG_WARN_UNREACHABLE_CODE = YES;
				CLANG_WARN__DUPLICATE_METHOD_MATCH = YES;
				CODE_SIGN_IDENTITY = "iPhone Developer";
				COPY_PHASE_STRIP = NO;
				DEBUG_INFORMATION_FORMAT = dwarf;
				ENABLE_STRICT_OBJC_MSGSEND = YES;
				ENABLE_TESTABILITY = YES;
				GCC_C_LANGUAGE_STANDARD = gnu11;
				GCC_DYNAMIC_NO_PIC = NO;
				GCC_NO_COMMON_BLOCKS = YES;
				GCC_OPTIMIZATION_LEVEL = 0;
				GCC_PREPROCESSOR_DEFINITIONS = (
					"DEBUG=1",
					"$(inherited)",
				);
				GCC_WARN_64_TO_32_BIT_CONVERSION = YES;
				GCC_WARN_ABOUT_RETURN_TYPE = YES_ERROR;
				GCC_WARN_UNDECLARED_SELECTOR = YES;
				GCC_WARN_UNINITIALIZED_AUTOS = YES_AGGRESSIVE;
				GCC_WARN_UNUSED_FUNCTION = YES;
				GCC_WARN_UNUSED_VARIABLE = YES;
				IPHONEOS_DEPLOYMENT_TARGET = 12.1;
				MTL_ENABLE_DEBUG_INFO = INCLUDE_SOURCE;
				MTL_FAST_MATH = YES;
				ONLY_ACTIVE_ARCH = YES;
				SDKROOT = iphoneos;
				SWIFT_ACTIVE_COMPILATION_CONDITIONS = DEBUG;
				SWIFT_OPTIMIZATION_LEVEL = "-Onone";
			};
			name = Debug;
		};
		4EA4CABC2382CEE700A99F09 /* Release */ = {
			isa = XCBuildConfiguration;
			buildSettings = {
				ALWAYS_SEARCH_USER_PATHS = NO;
				CLANG_ANALYZER_NONNULL = YES;
				CLANG_ANALYZER_NUMBER_OBJECT_CONVERSION = YES_AGGRESSIVE;
				CLANG_CXX_LANGUAGE_STANDARD = "gnu++14";
				CLANG_CXX_LIBRARY = "libc++";
				CLANG_ENABLE_MODULES = YES;
				CLANG_ENABLE_OBJC_ARC = YES;
				CLANG_ENABLE_OBJC_WEAK = YES;
				CLANG_WARN_BLOCK_CAPTURE_AUTORELEASING = YES;
				CLANG_WARN_BOOL_CONVERSION = YES;
				CLANG_WARN_COMMA = YES;
				CLANG_WARN_CONSTANT_CONVERSION = YES;
				CLANG_WARN_DEPRECATED_OBJC_IMPLEMENTATIONS = YES;
				CLANG_WARN_DIRECT_OBJC_ISA_USAGE = YES_ERROR;
				CLANG_WARN_DOCUMENTATION_COMMENTS = YES;
				CLANG_WARN_EMPTY_BODY = YES;
				CLANG_WARN_ENUM_CONVERSION = YES;
				CLANG_WARN_INFINITE_RECURSION = YES;
				CLANG_WARN_INT_CONVERSION = YES;
				CLANG_WARN_NON_LITERAL_NULL_CONVERSION = YES;
				CLANG_WARN_OBJC_IMPLICIT_RETAIN_SELF = YES;
				CLANG_WARN_OBJC_LITERAL_CONVERSION = YES;
				CLANG_WARN_OBJC_ROOT_CLASS = YES_ERROR;
				CLANG_WARN_RANGE_LOOP_ANALYSIS = YES;
				CLANG_WARN_STRICT_PROTOTYPES = YES;
				CLANG_WARN_SUSPICIOUS_MOVE = YES;
				CLANG_WARN_UNGUARDED_AVAILABILITY = YES_AGGRESSIVE;
				CLANG_WARN_UNREACHABLE_CODE = YES;
				CLANG_WARN__DUPLICATE_METHOD_MATCH = YES;
				CODE_SIGN_IDENTITY = "iPhone Developer";
				COPY_PHASE_STRIP = NO;
				DEBUG_INFORMATION_FORMAT = "dwarf-with-dsym";
				ENABLE_NS_ASSERTIONS = NO;
				ENABLE_STRICT_OBJC_MSGSEND = YES;
				GCC_C_LANGUAGE_STANDARD = gnu11;
				GCC_NO_COMMON_BLOCKS = YES;
				GCC_WARN_64_TO_32_BIT_CONVERSION = YES;
				GCC_WARN_ABOUT_RETURN_TYPE = YES_ERROR;
				GCC_WARN_UNDECLARED_SELECTOR = YES;
				GCC_WARN_UNINITIALIZED_AUTOS = YES_AGGRESSIVE;
				GCC_WARN_UNUSED_FUNCTION = YES;
				GCC_WARN_UNUSED_VARIABLE = YES;
				IPHONEOS_DEPLOYMENT_TARGET = 12.1;
				MTL_ENABLE_DEBUG_INFO = NO;
				MTL_FAST_MATH = YES;
				SDKROOT = iphoneos;
				SWIFT_COMPILATION_MODE = wholemodule;
				SWIFT_OPTIMIZATION_LEVEL = "-O";
				VALIDATE_PRODUCT = YES;
			};
			name = Release;
		};
		4EA4CABE2382CEE700A99F09 /* Debug */ = {
			isa = XCBuildConfiguration;
			baseConfigurationReference = 888BC954B4F3FD801E4011CB /* Pods-DnD.debug.xcconfig */;
			buildSettings = {
				ASSETCATALOG_COMPILER_APPICON_NAME = AppIcon;
				CODE_SIGN_STYLE = Automatic;
				DEVELOPMENT_TEAM = 3C75JFLMG7;
				INFOPLIST_FILE = DnD/Info.plist;
				LD_RUNPATH_SEARCH_PATHS = (
					"$(inherited)",
					"@executable_path/Frameworks",
				);
				PRODUCT_BUNDLE_IDENTIFIER = com.pcmassuci.DnD;
				PRODUCT_NAME = "$(TARGET_NAME)";
				SWIFT_VERSION = 4.2;
				TARGETED_DEVICE_FAMILY = "1,2";
			};
			name = Debug;
		};
		4EA4CABF2382CEE700A99F09 /* Release */ = {
			isa = XCBuildConfiguration;
			baseConfigurationReference = ACF0BDCFD3C6EB0EE482DFFE /* Pods-DnD.release.xcconfig */;
			buildSettings = {
				ASSETCATALOG_COMPILER_APPICON_NAME = AppIcon;
				CODE_SIGN_STYLE = Automatic;
				DEVELOPMENT_TEAM = 3C75JFLMG7;
				INFOPLIST_FILE = DnD/Info.plist;
				LD_RUNPATH_SEARCH_PATHS = (
					"$(inherited)",
					"@executable_path/Frameworks",
				);
				PRODUCT_BUNDLE_IDENTIFIER = com.pcmassuci.DnD;
				PRODUCT_NAME = "$(TARGET_NAME)";
				SWIFT_VERSION = 4.2;
				TARGETED_DEVICE_FAMILY = "1,2";
			};
			name = Release;
		};
		4EA4CAC12382CEE700A99F09 /* Debug */ = {
			isa = XCBuildConfiguration;
			baseConfigurationReference = 78CFC85370B80F891642EA71 /* Pods-DnDTests.debug.xcconfig */;
			buildSettings = {
				ALWAYS_EMBED_SWIFT_STANDARD_LIBRARIES = YES;
				BUNDLE_LOADER = "$(TEST_HOST)";
				CODE_SIGN_STYLE = Automatic;
				INFOPLIST_FILE = DnDTests/Info.plist;
				LD_RUNPATH_SEARCH_PATHS = (
					"$(inherited)",
					"@executable_path/Frameworks",
					"@loader_path/Frameworks",
				);
				PRODUCT_BUNDLE_IDENTIFIER = com.massuci.DnDTests;
				PRODUCT_NAME = "$(TARGET_NAME)";
				SWIFT_VERSION = 4.2;
				TARGETED_DEVICE_FAMILY = "1,2";
				TEST_HOST = "$(BUILT_PRODUCTS_DIR)/DnD.app/DnD";
			};
			name = Debug;
		};
		4EA4CAC22382CEE700A99F09 /* Release */ = {
			isa = XCBuildConfiguration;
			baseConfigurationReference = 8FAE66D13C26BE046F8B194A /* Pods-DnDTests.release.xcconfig */;
			buildSettings = {
				ALWAYS_EMBED_SWIFT_STANDARD_LIBRARIES = YES;
				BUNDLE_LOADER = "$(TEST_HOST)";
				CODE_SIGN_STYLE = Automatic;
				INFOPLIST_FILE = DnDTests/Info.plist;
				LD_RUNPATH_SEARCH_PATHS = (
					"$(inherited)",
					"@executable_path/Frameworks",
					"@loader_path/Frameworks",
				);
				PRODUCT_BUNDLE_IDENTIFIER = com.massuci.DnDTests;
				PRODUCT_NAME = "$(TARGET_NAME)";
				SWIFT_VERSION = 4.2;
				TARGETED_DEVICE_FAMILY = "1,2";
				TEST_HOST = "$(BUILT_PRODUCTS_DIR)/DnD.app/DnD";
			};
			name = Release;
		};
		4EA4CAC42382CEE700A99F09 /* Debug */ = {
			isa = XCBuildConfiguration;
			baseConfigurationReference = 20830C9FE59360E32886C199 /* Pods-DnDUITests.debug.xcconfig */;
			buildSettings = {
				ALWAYS_EMBED_SWIFT_STANDARD_LIBRARIES = YES;
				CODE_SIGN_STYLE = Automatic;
				INFOPLIST_FILE = DnDUITests/Info.plist;
				LD_RUNPATH_SEARCH_PATHS = (
					"$(inherited)",
					"@executable_path/Frameworks",
					"@loader_path/Frameworks",
				);
				PRODUCT_BUNDLE_IDENTIFIER = com.massuci.DnDUITests;
				PRODUCT_NAME = "$(TARGET_NAME)";
				SWIFT_VERSION = 4.2;
				TARGETED_DEVICE_FAMILY = "1,2";
				TEST_TARGET_NAME = DnD;
			};
			name = Debug;
		};
		4EA4CAC52382CEE700A99F09 /* Release */ = {
			isa = XCBuildConfiguration;
			baseConfigurationReference = BEC06C30F39062D95FE2A59B /* Pods-DnDUITests.release.xcconfig */;
			buildSettings = {
				ALWAYS_EMBED_SWIFT_STANDARD_LIBRARIES = YES;
				CODE_SIGN_STYLE = Automatic;
				INFOPLIST_FILE = DnDUITests/Info.plist;
				LD_RUNPATH_SEARCH_PATHS = (
					"$(inherited)",
					"@executable_path/Frameworks",
					"@loader_path/Frameworks",
				);
				PRODUCT_BUNDLE_IDENTIFIER = com.massuci.DnDUITests;
				PRODUCT_NAME = "$(TARGET_NAME)";
				SWIFT_VERSION = 4.2;
				TARGETED_DEVICE_FAMILY = "1,2";
				TEST_TARGET_NAME = DnD;
			};
			name = Release;
		};
/* End XCBuildConfiguration section */

/* Begin XCConfigurationList section */
		4EA4CA8D2382CEE500A99F09 /* Build configuration list for PBXProject "DnD" */ = {
			isa = XCConfigurationList;
			buildConfigurations = (
				4EA4CABB2382CEE700A99F09 /* Debug */,
				4EA4CABC2382CEE700A99F09 /* Release */,
			);
			defaultConfigurationIsVisible = 0;
			defaultConfigurationName = Release;
		};
		4EA4CABD2382CEE700A99F09 /* Build configuration list for PBXNativeTarget "DnD" */ = {
			isa = XCConfigurationList;
			buildConfigurations = (
				4EA4CABE2382CEE700A99F09 /* Debug */,
				4EA4CABF2382CEE700A99F09 /* Release */,
			);
			defaultConfigurationIsVisible = 0;
			defaultConfigurationName = Release;
		};
		4EA4CAC02382CEE700A99F09 /* Build configuration list for PBXNativeTarget "DnDTests" */ = {
			isa = XCConfigurationList;
			buildConfigurations = (
				4EA4CAC12382CEE700A99F09 /* Debug */,
				4EA4CAC22382CEE700A99F09 /* Release */,
			);
			defaultConfigurationIsVisible = 0;
			defaultConfigurationName = Release;
		};
		4EA4CAC32382CEE700A99F09 /* Build configuration list for PBXNativeTarget "DnDUITests" */ = {
			isa = XCConfigurationList;
			buildConfigurations = (
				4EA4CAC42382CEE700A99F09 /* Debug */,
				4EA4CAC52382CEE700A99F09 /* Release */,
			);
			defaultConfigurationIsVisible = 0;
			defaultConfigurationName = Release;
		};
/* End XCConfigurationList section */

/* Begin XCVersionGroup section */
		4EA4CA9C2382CEE500A99F09 /* DnD.xcdatamodeld */ = {
			isa = XCVersionGroup;
			children = (
				4EA4CA9D2382CEE500A99F09 /* DnD.xcdatamodel */,
			);
			currentVersion = 4EA4CA9D2382CEE500A99F09 /* DnD.xcdatamodel */;
			path = DnD.xcdatamodeld;
			sourceTree = "<group>";
			versionGroupType = wrapper.xcdatamodel;
		};
/* End XCVersionGroup section */
	};
	rootObject = 4EA4CA8A2382CEE500A99F09 /* Project object */;
}
